
Microsoft Visual Studio Solution File, Format Version 12.00
# Visual Studio Version 17
VisualStudioVersion = 17.9.34728.123
MinimumVisualStudioVersion = 10.0.40219.1
Project("{FAE04EC0-301F-11D3-BF4B-00C04F79EFBC}") = "Food_Ordering_Project", "Food_Ordering_Project\Food_Ordering_Project.csproj", "{081DA926-BC91-453F-8E94-F1A04CE4837A}"
EndProject
Project("{2150E333-8FDC-42A3-9474-1A3956D46DE8}") = "Solution Items", "Solution Items", "{9DAF3371-9C96-411C-A254-2688E645AA16}"
	ProjectSection(SolutionItems) = preProject
		index.html = index.html
	EndProjectSection
EndProject
Global
	GlobalSection(SolutionConfigurationPlatforms) = preSolution
		Debug|Any CPU = Debug|Any CPU
		Release|Any CPU = Release|Any CPU
	EndGlobalSection
	GlobalSection(ProjectConfigurationPlatforms) = postSolution
		{081DA926-BC91-453F-8E94-F1A04CE4837A}.Debug|Any CPU.ActiveCfg = Debug|Any CPU
		{081DA926-BC91-453F-8E94-F1A04CE4837A}.Debug|Any CPU.Build.0 = Debug|Any CPU
		{081DA926-BC91-453F-8E94-F1A04CE4837A}.Release|Any CPU.ActiveCfg = Release|Any CPU
		{081DA926-BC91-453F-8E94-F1A04CE4837A}.Release|Any CPU.Build.0 = Release|Any CPU
	EndGlobalSection
	GlobalSection(SolutionProperties) = preSolution
		HideSolutionNode = FALSE
	EndGlobalSection
	GlobalSection(ExtensibilityGlobals) = postSolution
		SolutionGuid = {92F65FBE-B34D-42C3-B297-342B531B3E15}
	EndGlobalSection
EndGlobal
